
Microsoft Visual Studio Solution File, Format Version 12.00
# Visual Studio Version 16
VisualStudioVersion = 16.0.31702.278
MinimumVisualStudioVersion = 10.0.40219.1
Project("{8BC9CEB8-8B4A-11D0-8D11-00A0C91BC942}") = "GraphAtelier", "GraphAtelier\GraphAtelier.vcxproj", "{6F0483DC-FF2B-43BF-937A-48A351A0672D}"
	ProjectSection(ProjectDependencies) = postProject
		{17291EEB-F173-47F6-AF10-DDBEBFB04A72} = {17291EEB-F173-47F6-AF10-DDBEBFB04A72}
	EndProjectSection
EndProject
Project("{8BC9CEB8-8B4A-11D0-8D11-00A0C91BC942}") = "imgui", "GraphAtelier\ThirdParty\Projects\imgui.vcxproj", "{17291EEB-F173-47F6-AF10-DDBEBFB04A72}"
EndProject
Project("{2150E333-8FDC-42A3-9474-1A3956D46DE8}") = "ThirdParty", "ThirdParty", "{EE1D28E3-3887-4557-9838-4DAA57811F7E}"
EndProject
Global
	GlobalSection(SolutionConfigurationPlatforms) = preSolution
		Debug|x64 = Debug|x64
		Debug|x86 = Debug|x86
		Release|x64 = Release|x64
		Release|x86 = Release|x86
	EndGlobalSection
	GlobalSection(ProjectConfigurationPlatforms) = postSolution
		{6F0483DC-FF2B-43BF-937A-48A351A0672D}.Debug|x64.ActiveCfg = Debug|x64
		{6F0483DC-FF2B-43BF-937A-48A351A0672D}.Debug|x64.Build.0 = Debug|x64
		{6F0483DC-FF2B-43BF-937A-48A351A0672D}.Debug|x86.ActiveCfg = Debug|Win32
		{6F0483DC-FF2B-43BF-937A-48A351A0672D}.Debug|x86.Build.0 = Debug|Win32
		{6F0483DC-FF2B-43BF-937A-48A351A0672D}.Release|x64.ActiveCfg = Release|x64
		{6F0483DC-FF2B-43BF-937A-48A351A0672D}.Release|x64.Build.0 = Release|x64
		{6F0483DC-FF2B-43BF-937A-48A351A0672D}.Release|x86.ActiveCfg = Release|Win32
		{6F0483DC-FF2B-43BF-937A-48A351A0672D}.Release|x86.Build.0 = Release|Win32
		{17291EEB-F173-47F6-AF10-DDBEBFB04A72}.Debug|x64.ActiveCfg = Debug|x64
		{17291EEB-F173-47F6-AF10-DDBEBFB04A72}.Debug|x64.Build.0 = Debug|x64
		{17291EEB-F173-47F6-AF10-DDBEBFB04A72}.Debug|x86.ActiveCfg = Debug|Win32
		{17291EEB-F173-47F6-AF10-DDBEBFB04A72}.Debug|x86.Build.0 = Debug|Win32
		{17291EEB-F173-47F6-AF10-DDBEBFB04A72}.Release|x64.ActiveCfg = Release|x64
		{17291EEB-F173-47F6-AF10-DDBEBFB04A72}.Release|x64.Build.0 = Release|x64
		{17291EEB-F173-47F6-AF10-DDBEBFB04A72}.Release|x86.ActiveCfg = Release|Win32
		{17291EEB-F173-47F6-AF10-DDBEBFB04A72}.Release|x86.Build.0 = Release|Win32
	EndGlobalSection
	GlobalSection(SolutionProperties) = preSolution
		HideSolutionNode = FALSE
	EndGlobalSection
	GlobalSection(NestedProjects) = preSolution
		{17291EEB-F173-47F6-AF10-DDBEBFB04A72} = {EE1D28E3-3887-4557-9838-4DAA57811F7E}
	EndGlobalSection
	GlobalSection(ExtensibilityGlobals) = postSolution
		SolutionGuid = {902C44F2-93E0-483E-B965-437028D12C6A}
	EndGlobalSection
EndGlobal
